{
  "name": "Learn-Python",
  "lockfileVersion": 3,
  "requires": true,
  "packages": {
    "": {
      "dependencies": {
        "jupyter": "^0.0.0"
      }
    },
    "node_modules/jupyter": {
      "version": "0.0.0",
      "resolved": "https://registry.npmjs.org/jupyter/-/jupyter-0.0.0.tgz",
      "integrity": "sha512-nMBt9P20bs0zalSS85DZlv5s5lu/vA271VvKwj/mWRYRVONtxYclMnBht33qmLu+mN9UedpJme6T41Z8tcnrAg=="
    }
  }
}
